// !$*UTF8*$!
{
	archiveVersion = 1;
	classes = {
	};
	objectVersion = 50;
	objects = {

/* Begin PBXBuildFile section */
		F32A609E247332AF00596212 /* Date+Ext.swift in Sources */ = {isa = PBXBuildFile; fileRef = F32A609D247332AF00596212 /* Date+Ext.swift */; };
		F32A60A0247332E500596212 /* String+Ext.swift in Sources */ = {isa = PBXBuildFile; fileRef = F32A609F247332E500596212 /* String+Ext.swift */; };
		F32A60A22473408900596212 /* PersistenceManager.swift in Sources */ = {isa = PBXBuildFile; fileRef = F32A60A12473408900596212 /* PersistenceManager.swift */; };
		F32F4CC62471DCBD0038440E /* UIHelper.swift in Sources */ = {isa = PBXBuildFile; fileRef = F32F4CC52471DCBD0038440E /* UIHelper.swift */; };
		F32F4CCE2471EF3D0038440E /* GFEmptyStateView.swift in Sources */ = {isa = PBXBuildFile; fileRef = F32F4CCD2471EF3D0038440E /* GFEmptyStateView.swift */; };
		F33D0E3D244BBEE1009BB356 /* AppDelegate.swift in Sources */ = {isa = PBXBuildFile; fileRef = F33D0E3C244BBEE1009BB356 /* AppDelegate.swift */; };
		F33D0E3F244BBEE1009BB356 /* SceneDelegate.swift in Sources */ = {isa = PBXBuildFile; fileRef = F33D0E3E244BBEE1009BB356 /* SceneDelegate.swift */; };
		F33D0E46244BBEE4009BB356 /* Assets.xcassets in Resources */ = {isa = PBXBuildFile; fileRef = F33D0E45244BBEE4009BB356 /* Assets.xcassets */; };
		F3668D502473021C00504FBF /* UserInfoVC.swift in Sources */ = {isa = PBXBuildFile; fileRef = F3668D4F2473021C00504FBF /* UserInfoVC.swift */; };
		F3668D5224730C9400504FBF /* GFUserInfoHeaderVC.swift in Sources */ = {isa = PBXBuildFile; fileRef = F3668D5124730C9400504FBF /* GFUserInfoHeaderVC.swift */; };
		F3668D5424730CFD00504FBF /* GFSecondaryTitleLabel.swift in Sources */ = {isa = PBXBuildFile; fileRef = F3668D5324730CFD00504FBF /* GFSecondaryTitleLabel.swift */; };
		F3668D562473139900504FBF /* Constants.swift in Sources */ = {isa = PBXBuildFile; fileRef = F3668D552473139900504FBF /* Constants.swift */; };
		F3668D5824731CC700504FBF /* GFItemInfoView.swift in Sources */ = {isa = PBXBuildFile; fileRef = F3668D5724731CC700504FBF /* GFItemInfoView.swift */; };
		F3668D5A2473219D00504FBF /* GFItemInfoVC.swift in Sources */ = {isa = PBXBuildFile; fileRef = F3668D592473219D00504FBF /* GFItemInfoVC.swift */; };
		F3668D5C24732C6800504FBF /* GFRepoItemVC.swift in Sources */ = {isa = PBXBuildFile; fileRef = F3668D5B24732C6800504FBF /* GFRepoItemVC.swift */; };
		F3668D5E24732DF800504FBF /* GFFollowerItemVC.swift in Sources */ = {isa = PBXBuildFile; fileRef = F3668D5D24732DF800504FBF /* GFFollowerItemVC.swift */; };
		F3B500DE2458D01700A9F16B /* GFButton.swift in Sources */ = {isa = PBXBuildFile; fileRef = F3B500DD2458D01700A9F16B /* GFButton.swift */; };
		F3B500E02458D2F500A9F16B /* GFTextField.swift in Sources */ = {isa = PBXBuildFile; fileRef = F3B500DF2458D2F500A9F16B /* GFTextField.swift */; };
		F3B9A855246C9310000CCBE9 /* FollowerCell.swift in Sources */ = {isa = PBXBuildFile; fileRef = F3B9A854246C9310000CCBE9 /* FollowerCell.swift */; };
		F3B9A857246C9389000CCBE9 /* GFAvatarImageView.swift in Sources */ = {isa = PBXBuildFile; fileRef = F3B9A856246C9389000CCBE9 /* GFAvatarImageView.swift */; };
		F3D65F0E2451026400B45AAC /* SearchVC.swift in Sources */ = {isa = PBXBuildFile; fileRef = F3D65F0D2451026400B45AAC /* SearchVC.swift */; };
		F3D65F102451028A00B45AAC /* FavoritesVC.swift in Sources */ = {isa = PBXBuildFile; fileRef = F3D65F0F2451028A00B45AAC /* FavoritesVC.swift */; };
		F3D971A2246B64A500623FD9 /* Follower.swift in Sources */ = {isa = PBXBuildFile; fileRef = F3D971A1246B64A500623FD9 /* Follower.swift */; };
		F3D971A4246B656800623FD9 /* User.swift in Sources */ = {isa = PBXBuildFile; fileRef = F3D971A3246B656800623FD9 /* User.swift */; };
		F3D971A7246B690900623FD9 /* NetworkManager.swift in Sources */ = {isa = PBXBuildFile; fileRef = F3D971A6246B690900623FD9 /* NetworkManager.swift */; };
		F3D971AA246B717400623FD9 /* ErrorMessage.swift in Sources */ = {isa = PBXBuildFile; fileRef = F3D971A9246B717400623FD9 /* ErrorMessage.swift */; };
		F3DAF1DB24675732008D22AC /* FollowerListVC.swift in Sources */ = {isa = PBXBuildFile; fileRef = F3DAF1DA24675732008D22AC /* FollowerListVC.swift */; };
		F3DAF1DD24675D34008D22AC /* GFTitleLabel.swift in Sources */ = {isa = PBXBuildFile; fileRef = F3DAF1DC24675D34008D22AC /* GFTitleLabel.swift */; };
		F3DAF1DF24675EA9008D22AC /* GFBodyLabel.swift in Sources */ = {isa = PBXBuildFile; fileRef = F3DAF1DE24675EA9008D22AC /* GFBodyLabel.swift */; };
		F3DAF1E124675F5B008D22AC /* GFAlertVC.swift in Sources */ = {isa = PBXBuildFile; fileRef = F3DAF1E024675F5B008D22AC /* GFAlertVC.swift */; };
		F3DAF1E324676522008D22AC /* UIViewController+Ext.swift in Sources */ = {isa = PBXBuildFile; fileRef = F3DAF1E224676522008D22AC /* UIViewController+Ext.swift */; };
/* End PBXBuildFile section */

/* Begin PBXFileReference section */
		F32A609D247332AF00596212 /* Date+Ext.swift */ = {isa = PBXFileReference; lastKnownFileType = sourcecode.swift; path = "Date+Ext.swift"; sourceTree = "<group>"; };
		F32A609F247332E500596212 /* String+Ext.swift */ = {isa = PBXFileReference; lastKnownFileType = sourcecode.swift; path = "String+Ext.swift"; sourceTree = "<group>"; };
		F32A60A12473408900596212 /* PersistenceManager.swift */ = {isa = PBXFileReference; lastKnownFileType = sourcecode.swift; path = PersistenceManager.swift; sourceTree = "<group>"; };
		F32F4CC52471DCBD0038440E /* UIHelper.swift */ = {isa = PBXFileReference; lastKnownFileType = sourcecode.swift; path = UIHelper.swift; sourceTree = "<group>"; };
		F32F4CCD2471EF3D0038440E /* GFEmptyStateView.swift */ = {isa = PBXFileReference; lastKnownFileType = sourcecode.swift; path = GFEmptyStateView.swift; sourceTree = "<group>"; };
		F33D0E39244BBEE1009BB356 /* gh-followers.app */ = {isa = PBXFileReference; explicitFileType = wrapper.application; includeInIndex = 0; path = "gh-followers.app"; sourceTree = BUILT_PRODUCTS_DIR; };
		F33D0E3C244BBEE1009BB356 /* AppDelegate.swift */ = {isa = PBXFileReference; lastKnownFileType = sourcecode.swift; path = AppDelegate.swift; sourceTree = "<group>"; };
		F33D0E3E244BBEE1009BB356 /* SceneDelegate.swift */ = {isa = PBXFileReference; lastKnownFileType = sourcecode.swift; path = SceneDelegate.swift; sourceTree = "<group>"; };
		F33D0E45244BBEE4009BB356 /* Assets.xcassets */ = {isa = PBXFileReference; lastKnownFileType = folder.assetcatalog; path = Assets.xcassets; sourceTree = "<group>"; };
		F33D0E4A244BBEE4009BB356 /* Info.plist */ = {isa = PBXFileReference; lastKnownFileType = text.plist.xml; path = Info.plist; sourceTree = "<group>"; };
		F3668D4F2473021C00504FBF /* UserInfoVC.swift */ = {isa = PBXFileReference; lastKnownFileType = sourcecode.swift; path = UserInfoVC.swift; sourceTree = "<group>"; };
		F3668D5124730C9400504FBF /* GFUserInfoHeaderVC.swift */ = {isa = PBXFileReference; lastKnownFileType = sourcecode.swift; path = GFUserInfoHeaderVC.swift; sourceTree = "<group>"; };
		F3668D5324730CFD00504FBF /* GFSecondaryTitleLabel.swift */ = {isa = PBXFileReference; lastKnownFileType = sourcecode.swift; path = GFSecondaryTitleLabel.swift; sourceTree = "<group>"; };
		F3668D552473139900504FBF /* Constants.swift */ = {isa = PBXFileReference; lastKnownFileType = sourcecode.swift; path = Constants.swift; sourceTree = "<group>"; };
		F3668D5724731CC700504FBF /* GFItemInfoView.swift */ = {isa = PBXFileReference; lastKnownFileType = sourcecode.swift; path = GFItemInfoView.swift; sourceTree = "<group>"; };
		F3668D592473219D00504FBF /* GFItemInfoVC.swift */ = {isa = PBXFileReference; lastKnownFileType = sourcecode.swift; path = GFItemInfoVC.swift; sourceTree = "<group>"; };
		F3668D5B24732C6800504FBF /* GFRepoItemVC.swift */ = {isa = PBXFileReference; lastKnownFileType = sourcecode.swift; path = GFRepoItemVC.swift; sourceTree = "<group>"; };
		F3668D5D24732DF800504FBF /* GFFollowerItemVC.swift */ = {isa = PBXFileReference; lastKnownFileType = sourcecode.swift; path = GFFollowerItemVC.swift; sourceTree = "<group>"; };
		F3B500DD2458D01700A9F16B /* GFButton.swift */ = {isa = PBXFileReference; lastKnownFileType = sourcecode.swift; path = GFButton.swift; sourceTree = "<group>"; };
		F3B500DF2458D2F500A9F16B /* GFTextField.swift */ = {isa = PBXFileReference; lastKnownFileType = sourcecode.swift; path = GFTextField.swift; sourceTree = "<group>"; };
		F3B9A854246C9310000CCBE9 /* FollowerCell.swift */ = {isa = PBXFileReference; lastKnownFileType = sourcecode.swift; path = FollowerCell.swift; sourceTree = "<group>"; };
		F3B9A856246C9389000CCBE9 /* GFAvatarImageView.swift */ = {isa = PBXFileReference; lastKnownFileType = sourcecode.swift; path = GFAvatarImageView.swift; sourceTree = "<group>"; };
		F3D65F0D2451026400B45AAC /* SearchVC.swift */ = {isa = PBXFileReference; lastKnownFileType = sourcecode.swift; path = SearchVC.swift; sourceTree = "<group>"; };
		F3D65F0F2451028A00B45AAC /* FavoritesVC.swift */ = {isa = PBXFileReference; lastKnownFileType = sourcecode.swift; path = FavoritesVC.swift; sourceTree = "<group>"; };
		F3D971A1246B64A500623FD9 /* Follower.swift */ = {isa = PBXFileReference; lastKnownFileType = sourcecode.swift; path = Follower.swift; sourceTree = "<group>"; };
		F3D971A3246B656800623FD9 /* User.swift */ = {isa = PBXFileReference; lastKnownFileType = sourcecode.swift; path = User.swift; sourceTree = "<group>"; };
		F3D971A6246B690900623FD9 /* NetworkManager.swift */ = {isa = PBXFileReference; lastKnownFileType = sourcecode.swift; path = NetworkManager.swift; sourceTree = "<group>"; };
		F3D971A9246B717400623FD9 /* ErrorMessage.swift */ = {isa = PBXFileReference; lastKnownFileType = sourcecode.swift; path = ErrorMessage.swift; sourceTree = "<group>"; };
		F3DAF1DA24675732008D22AC /* FollowerListVC.swift */ = {isa = PBXFileReference; lastKnownFileType = sourcecode.swift; path = FollowerListVC.swift; sourceTree = "<group>"; };
		F3DAF1DC24675D34008D22AC /* GFTitleLabel.swift */ = {isa = PBXFileReference; lastKnownFileType = sourcecode.swift; path = GFTitleLabel.swift; sourceTree = "<group>"; };
		F3DAF1DE24675EA9008D22AC /* GFBodyLabel.swift */ = {isa = PBXFileReference; lastKnownFileType = sourcecode.swift; path = GFBodyLabel.swift; sourceTree = "<group>"; };
		F3DAF1E024675F5B008D22AC /* GFAlertVC.swift */ = {isa = PBXFileReference; lastKnownFileType = sourcecode.swift; path = GFAlertVC.swift; sourceTree = "<group>"; };
		F3DAF1E224676522008D22AC /* UIViewController+Ext.swift */ = {isa = PBXFileReference; lastKnownFileType = sourcecode.swift; path = "UIViewController+Ext.swift"; sourceTree = "<group>"; };
/* End PBXFileReference section */

/* Begin PBXFrameworksBuildPhase section */
		F33D0E36244BBEE1009BB356 /* Frameworks */ = {
			isa = PBXFrameworksBuildPhase;
			buildActionMask = 2147483647;
			files = (
			);
			runOnlyForDeploymentPostprocessing = 0;
		};
/* End PBXFrameworksBuildPhase section */

/* Begin PBXGroup section */
		F32F4CC72471EE6C0038440E /* Buttons */ = {
			isa = PBXGroup;
			children = (
				F3B500DD2458D01700A9F16B /* GFButton.swift */,
			);
			path = Buttons;
			sourceTree = "<group>";
		};
		F32F4CC82471EE750038440E /* TextField */ = {
			isa = PBXGroup;
			children = (
				F3B500DF2458D2F500A9F16B /* GFTextField.swift */,
			);
			path = TextField;
			sourceTree = "<group>";
		};
		F32F4CC92471EE7F0038440E /* ImageViews */ = {
			isa = PBXGroup;
			children = (
				F3B9A856246C9389000CCBE9 /* GFAvatarImageView.swift */,
			);
			path = ImageViews;
			sourceTree = "<group>";
		};
		F32F4CCA2471EE840038440E /* ViewControllers */ = {
			isa = PBXGroup;
			children = (
				F3668D5F24732E4D00504FBF /* ItemInfoVCs */,
				F3DAF1E024675F5B008D22AC /* GFAlertVC.swift */,
				F3668D5124730C9400504FBF /* GFUserInfoHeaderVC.swift */,
			);
			path = ViewControllers;
			sourceTree = "<group>";
		};
		F32F4CCB2471EE990038440E /* Labels */ = {
			isa = PBXGroup;
			children = (
				F3DAF1DE24675EA9008D22AC /* GFBodyLabel.swift */,
				F3DAF1DC24675D34008D22AC /* GFTitleLabel.swift */,
				F3668D5324730CFD00504FBF /* GFSecondaryTitleLabel.swift */,
			);
			path = Labels;
			sourceTree = "<group>";
		};
		F32F4CCC2471EF200038440E /* CustomViews */ = {
			isa = PBXGroup;
			children = (
				F32F4CCD2471EF3D0038440E /* GFEmptyStateView.swift */,
				F3668D5724731CC700504FBF /* GFItemInfoView.swift */,
			);
			path = CustomViews;
			sourceTree = "<group>";
		};
		F33D0E30244BBEE1009BB356 = {
			isa = PBXGroup;
			children = (
				F33D0E3B244BBEE1009BB356 /* gh-followers */,
				F33D0E3A244BBEE1009BB356 /* Products */,
			);
			sourceTree = "<group>";
		};
		F33D0E3A244BBEE1009BB356 /* Products */ = {
			isa = PBXGroup;
			children = (
				F33D0E39244BBEE1009BB356 /* gh-followers.app */,
			);
			name = Products;
			sourceTree = "<group>";
		};
		F33D0E3B244BBEE1009BB356 /* gh-followers */ = {
			isa = PBXGroup;
			children = (
				F3D971A8246B716300623FD9 /* Utilities */,
				F3D971A5246B68FA00623FD9 /* Managers */,
				F359786A2469E3FD000207A6 /* Support */,
				F3D971A0246B649900623FD9 /* Models */,
				F35978682469E367000207A6 /* Views */,
				F35978672469E333000207A6 /* Controllers */,
				F35978692469E39A000207A6 /* Extensions */,
			);
			path = "gh-followers";
			sourceTree = "<group>";
		};
		F35978672469E333000207A6 /* Controllers */ = {
			isa = PBXGroup;
			children = (
				F3D65F0D2451026400B45AAC /* SearchVC.swift */,
				F3D65F0F2451028A00B45AAC /* FavoritesVC.swift */,
				F3DAF1DA24675732008D22AC /* FollowerListVC.swift */,
				F3668D4F2473021C00504FBF /* UserInfoVC.swift */,
			);
			path = Controllers;
			sourceTree = "<group>";
		};
		F35978682469E367000207A6 /* Views */ = {
			isa = PBXGroup;
			children = (
				F32F4CCC2471EF200038440E /* CustomViews */,
				F32F4CCB2471EE990038440E /* Labels */,
				F32F4CCA2471EE840038440E /* ViewControllers */,
				F32F4CC92471EE7F0038440E /* ImageViews */,
				F32F4CC82471EE750038440E /* TextField */,
				F32F4CC72471EE6C0038440E /* Buttons */,
				F3B9A853246C92EF000CCBE9 /* Cells */,
			);
			path = Views;
			sourceTree = "<group>";
		};
		F35978692469E39A000207A6 /* Extensions */ = {
			isa = PBXGroup;
			children = (
				F3DAF1E224676522008D22AC /* UIViewController+Ext.swift */,
				F32A609D247332AF00596212 /* Date+Ext.swift */,
				F32A609F247332E500596212 /* String+Ext.swift */,
			);
			path = Extensions;
			sourceTree = "<group>";
		};
		F359786A2469E3FD000207A6 /* Support */ = {
			isa = PBXGroup;
			children = (
				F33D0E3C244BBEE1009BB356 /* AppDelegate.swift */,
				F33D0E3E244BBEE1009BB356 /* SceneDelegate.swift */,
				F33D0E4A244BBEE4009BB356 /* Info.plist */,
				F33D0E45244BBEE4009BB356 /* Assets.xcassets */,
			);
			path = Support;
			sourceTree = "<group>";
		};
		F3668D5F24732E4D00504FBF /* ItemInfoVCs */ = {
			isa = PBXGroup;
			children = (
				F3668D592473219D00504FBF /* GFItemInfoVC.swift */,
				F3668D5B24732C6800504FBF /* GFRepoItemVC.swift */,
				F3668D5D24732DF800504FBF /* GFFollowerItemVC.swift */,
			);
			path = ItemInfoVCs;
			sourceTree = "<group>";
		};
		F3B9A853246C92EF000CCBE9 /* Cells */ = {
			isa = PBXGroup;
			children = (
				F3B9A854246C9310000CCBE9 /* FollowerCell.swift */,
			);
			path = Cells;
			sourceTree = "<group>";
		};
		F3D971A0246B649900623FD9 /* Models */ = {
			isa = PBXGroup;
			children = (
				F3D971A1246B64A500623FD9 /* Follower.swift */,
				F3D971A3246B656800623FD9 /* User.swift */,
			);
			path = Models;
			sourceTree = "<group>";
		};
		F3D971A5246B68FA00623FD9 /* Managers */ = {
			isa = PBXGroup;
			children = (
				F3D971A6246B690900623FD9 /* NetworkManager.swift */,
				F32A60A12473408900596212 /* PersistenceManager.swift */,
			);
			path = Managers;
			sourceTree = "<group>";
		};
		F3D971A8246B716300623FD9 /* Utilities */ = {
			isa = PBXGroup;
			children = (
				F3D971A9246B717400623FD9 /* ErrorMessage.swift */,
				F32F4CC52471DCBD0038440E /* UIHelper.swift */,
				F3668D552473139900504FBF /* Constants.swift */,
			);
			path = Utilities;
			sourceTree = "<group>";
		};
/* End PBXGroup section */

/* Begin PBXNativeTarget section */
		F33D0E38244BBEE1009BB356 /* gh-followers */ = {
			isa = PBXNativeTarget;
			buildConfigurationList = F33D0E4D244BBEE4009BB356 /* Build configuration list for PBXNativeTarget "gh-followers" */;
			buildPhases = (
				F33D0E35244BBEE1009BB356 /* Sources */,
				F33D0E36244BBEE1009BB356 /* Frameworks */,
				F33D0E37244BBEE1009BB356 /* Resources */,
			);
			buildRules = (
			);
			dependencies = (
			);
			name = "gh-followers";
			productName = "gh-followers";
			productReference = F33D0E39244BBEE1009BB356 /* gh-followers.app */;
			productType = "com.apple.product-type.application";
		};
/* End PBXNativeTarget section */

/* Begin PBXProject section */
		F33D0E31244BBEE1009BB356 /* Project object */ = {
			isa = PBXProject;
			attributes = {
				LastSwiftUpdateCheck = 1140;
				LastUpgradeCheck = 1140;
				ORGANIZATIONNAME = kevtech;
				TargetAttributes = {
					F33D0E38244BBEE1009BB356 = {
						CreatedOnToolsVersion = 11.4.1;
					};
				};
			};
			buildConfigurationList = F33D0E34244BBEE1009BB356 /* Build configuration list for PBXProject "gh-followers" */;
			compatibilityVersion = "Xcode 9.3";
			developmentRegion = en;
			hasScannedForEncodings = 0;
			knownRegions = (
				en,
				Base,
			);
			mainGroup = F33D0E30244BBEE1009BB356;
			productRefGroup = F33D0E3A244BBEE1009BB356 /* Products */;
			projectDirPath = "";
			projectRoot = "";
			targets = (
				F33D0E38244BBEE1009BB356 /* gh-followers */,
			);
		};
/* End PBXProject section */

/* Begin PBXResourcesBuildPhase section */
		F33D0E37244BBEE1009BB356 /* Resources */ = {
			isa = PBXResourcesBuildPhase;
			buildActionMask = 2147483647;
			files = (
				F33D0E46244BBEE4009BB356 /* Assets.xcassets in Resources */,
			);
			runOnlyForDeploymentPostprocessing = 0;
		};
/* End PBXResourcesBuildPhase section */

/* Begin PBXSourcesBuildPhase section */
		F33D0E35244BBEE1009BB356 /* Sources */ = {
			isa = PBXSourcesBuildPhase;
			buildActionMask = 2147483647;
			files = (
				F3D971A4246B656800623FD9 /* User.swift in Sources */,
				F3B500E02458D2F500A9F16B /* GFTextField.swift in Sources */,
				F3D65F102451028A00B45AAC /* FavoritesVC.swift in Sources */,
				F32A60A0247332E500596212 /* String+Ext.swift in Sources */,
				F3B500DE2458D01700A9F16B /* GFButton.swift in Sources */,
				F3DAF1E324676522008D22AC /* UIViewController+Ext.swift in Sources */,
				F32F4CC62471DCBD0038440E /* UIHelper.swift in Sources */,
				F3668D5A2473219D00504FBF /* GFItemInfoVC.swift in Sources */,
				F3668D562473139900504FBF /* Constants.swift in Sources */,
				F3B9A857246C9389000CCBE9 /* GFAvatarImageView.swift in Sources */,
				F3D65F0E2451026400B45AAC /* SearchVC.swift in Sources */,
				F3DAF1E124675F5B008D22AC /* GFAlertVC.swift in Sources */,
				F3668D5E24732DF800504FBF /* GFFollowerItemVC.swift in Sources */,
				F3668D5824731CC700504FBF /* GFItemInfoView.swift in Sources */,
				F3B9A855246C9310000CCBE9 /* FollowerCell.swift in Sources */,
				F3D971AA246B717400623FD9 /* ErrorMessage.swift in Sources */,
				F3668D5224730C9400504FBF /* GFUserInfoHeaderVC.swift in Sources */,
				F3DAF1DF24675EA9008D22AC /* GFBodyLabel.swift in Sources */,
				F3D971A2246B64A500623FD9 /* Follower.swift in Sources */,
				F3DAF1DD24675D34008D22AC /* GFTitleLabel.swift in Sources */,
				F32A609E247332AF00596212 /* Date+Ext.swift in Sources */,
				F32A60A22473408900596212 /* PersistenceManager.swift in Sources */,
				F3668D5424730CFD00504FBF /* GFSecondaryTitleLabel.swift in Sources */,
				F32F4CCE2471EF3D0038440E /* GFEmptyStateView.swift in Sources */,
				F3D971A7246B690900623FD9 /* NetworkManager.swift in Sources */,
				F3DAF1DB24675732008D22AC /* FollowerListVC.swift in Sources */,
				F33D0E3D244BBEE1009BB356 /* AppDelegate.swift in Sources */,
				F33D0E3F244BBEE1009BB356 /* SceneDelegate.swift in Sources */,
				F3668D5C24732C6800504FBF /* GFRepoItemVC.swift in Sources */,
				F3668D502473021C00504FBF /* UserInfoVC.swift in Sources */,
			);
			runOnlyForDeploymentPostprocessing = 0;
		};
/* End PBXSourcesBuildPhase section */

/* Begin XCBuildConfiguration section */
		F33D0E4B244BBEE4009BB356 /* Debug */ = {
			isa = XCBuildConfiguration;
			buildSettings = {
				ALWAYS_SEARCH_USER_PATHS = NO;
				CLANG_ANALYZER_NONNULL = YES;
				CLANG_ANALYZER_NUMBER_OBJECT_CONVERSION = YES_AGGRESSIVE;
				CLANG_CXX_LANGUAGE_STANDARD = "gnu++14";
				CLANG_CXX_LIBRARY = "libc++";
				CLANG_ENABLE_MODULES = YES;
				CLANG_ENABLE_OBJC_ARC = YES;
				CLANG_ENABLE_OBJC_WEAK = YES;
				CLANG_WARN_BLOCK_CAPTURE_AUTORELEASING = YES;
				CLANG_WARN_BOOL_CONVERSION = YES;
				CLANG_WARN_COMMA = YES;
				CLANG_WARN_CONSTANT_CONVERSION = YES;
				CLANG_WARN_DEPRECATED_OBJC_IMPLEMENTATIONS = YES;
				CLANG_WARN_DIRECT_OBJC_ISA_USAGE = YES_ERROR;
				CLANG_WARN_DOCUMENTATION_COMMENTS = YES;
				CLANG_WARN_EMPTY_BODY = YES;
				CLANG_WARN_ENUM_CONVERSION = YES;
				CLANG_WARN_INFINITE_RECURSION = YES;
				CLANG_WARN_INT_CONVERSION = YES;
				CLANG_WARN_NON_LITERAL_NULL_CONVERSION = YES;
				CLANG_WARN_OBJC_IMPLICIT_RETAIN_SELF = YES;
				CLANG_WARN_OBJC_LITERAL_CONVERSION = YES;
				CLANG_WARN_OBJC_ROOT_CLASS = YES_ERROR;
				CLANG_WARN_RANGE_LOOP_ANALYSIS = YES;
				CLANG_WARN_STRICT_PROTOTYPES = YES;
				CLANG_WARN_SUSPICIOUS_MOVE = YES;
				CLANG_WARN_UNGUARDED_AVAILABILITY = YES_AGGRESSIVE;
				CLANG_WARN_UNREACHABLE_CODE = YES;
				CLANG_WARN__DUPLICATE_METHOD_MATCH = YES;
				COPY_PHASE_STRIP = NO;
				DEBUG_INFORMATION_FORMAT = dwarf;
				ENABLE_STRICT_OBJC_MSGSEND = YES;
				ENABLE_TESTABILITY = YES;
				GCC_C_LANGUAGE_STANDARD = gnu11;
				GCC_DYNAMIC_NO_PIC = NO;
				GCC_NO_COMMON_BLOCKS = YES;
				GCC_OPTIMIZATION_LEVEL = 0;
				GCC_PREPROCESSOR_DEFINITIONS = (
					"DEBUG=1",
					"$(inherited)",
				);
				GCC_WARN_64_TO_32_BIT_CONVERSION = YES;
				GCC_WARN_ABOUT_RETURN_TYPE = YES_ERROR;
				GCC_WARN_UNDECLARED_SELECTOR = YES;
				GCC_WARN_UNINITIALIZED_AUTOS = YES_AGGRESSIVE;
				GCC_WARN_UNUSED_FUNCTION = YES;
				GCC_WARN_UNUSED_VARIABLE = YES;
				IPHONEOS_DEPLOYMENT_TARGET = 13.4;
				MTL_ENABLE_DEBUG_INFO = INCLUDE_SOURCE;
				MTL_FAST_MATH = YES;
				ONLY_ACTIVE_ARCH = YES;
				SDKROOT = iphoneos;
				SWIFT_ACTIVE_COMPILATION_CONDITIONS = DEBUG;
				SWIFT_OPTIMIZATION_LEVEL = "-Onone";
			};
			name = Debug;
		};
		F33D0E4C244BBEE4009BB356 /* Release */ = {
			isa = XCBuildConfiguration;
			buildSettings = {
				ALWAYS_SEARCH_USER_PATHS = NO;
				CLANG_ANALYZER_NONNULL = YES;
				CLANG_ANALYZER_NUMBER_OBJECT_CONVERSION = YES_AGGRESSIVE;
				CLANG_CXX_LANGUAGE_STANDARD = "gnu++14";
				CLANG_CXX_LIBRARY = "libc++";
				CLANG_ENABLE_MODULES = YES;
				CLANG_ENABLE_OBJC_ARC = YES;
				CLANG_ENABLE_OBJC_WEAK = YES;
				CLANG_WARN_BLOCK_CAPTURE_AUTORELEASING = YES;
				CLANG_WARN_BOOL_CONVERSION = YES;
				CLANG_WARN_COMMA = YES;
				CLANG_WARN_CONSTANT_CONVERSION = YES;
				CLANG_WARN_DEPRECATED_OBJC_IMPLEMENTATIONS = YES;
				CLANG_WARN_DIRECT_OBJC_ISA_USAGE = YES_ERROR;
				CLANG_WARN_DOCUMENTATION_COMMENTS = YES;
				CLANG_WARN_EMPTY_BODY = YES;
				CLANG_WARN_ENUM_CONVERSION = YES;
				CLANG_WARN_INFINITE_RECURSION = YES;
				CLANG_WARN_INT_CONVERSION = YES;
				CLANG_WARN_NON_LITERAL_NULL_CONVERSION = YES;
				CLANG_WARN_OBJC_IMPLICIT_RETAIN_SELF = YES;
				CLANG_WARN_OBJC_LITERAL_CONVERSION = YES;
				CLANG_WARN_OBJC_ROOT_CLASS = YES_ERROR;
				CLANG_WARN_RANGE_LOOP_ANALYSIS = YES;
				CLANG_WARN_STRICT_PROTOTYPES = YES;
				CLANG_WARN_SUSPICIOUS_MOVE = YES;
				CLANG_WARN_UNGUARDED_AVAILABILITY = YES_AGGRESSIVE;
				CLANG_WARN_UNREACHABLE_CODE = YES;
				CLANG_WARN__DUPLICATE_METHOD_MATCH = YES;
				COPY_PHASE_STRIP = NO;
				DEBUG_INFORMATION_FORMAT = "dwarf-with-dsym";
				ENABLE_NS_ASSERTIONS = NO;
				ENABLE_STRICT_OBJC_MSGSEND = YES;
				GCC_C_LANGUAGE_STANDARD = gnu11;
				GCC_NO_COMMON_BLOCKS = YES;
				GCC_WARN_64_TO_32_BIT_CONVERSION = YES;
				GCC_WARN_ABOUT_RETURN_TYPE = YES_ERROR;
				GCC_WARN_UNDECLARED_SELECTOR = YES;
				GCC_WARN_UNINITIALIZED_AUTOS = YES_AGGRESSIVE;
				GCC_WARN_UNUSED_FUNCTION = YES;
				GCC_WARN_UNUSED_VARIABLE = YES;
				IPHONEOS_DEPLOYMENT_TARGET = 13.4;
				MTL_ENABLE_DEBUG_INFO = NO;
				MTL_FAST_MATH = YES;
				SDKROOT = iphoneos;
				SWIFT_COMPILATION_MODE = wholemodule;
				SWIFT_OPTIMIZATION_LEVEL = "-O";
				VALIDATE_PRODUCT = YES;
			};
			name = Release;
		};
		F33D0E4E244BBEE4009BB356 /* Debug */ = {
			isa = XCBuildConfiguration;
			buildSettings = {
				ASSETCATALOG_COMPILER_APPICON_NAME = AppIcon;
				CODE_SIGN_STYLE = Automatic;
				DEVELOPMENT_TEAM = 622VW97L8V;
				INFOPLIST_FILE = "$(SRCROOT)/gh-followers/Support/Info.plist";
				IPHONEOS_DEPLOYMENT_TARGET = 13.4;
				LD_RUNPATH_SEARCH_PATHS = (
					"$(inherited)",
					"@executable_path/Frameworks",
				);
				PRODUCT_BUNDLE_IDENTIFIER = "co.kevtech.gh-followers";
				PRODUCT_NAME = "$(TARGET_NAME)";
				SWIFT_VERSION = 5.0;
				TARGETED_DEVICE_FAMILY = 1;
			};
			name = Debug;
		};
		F33D0E4F244BBEE4009BB356 /* Release */ = {
			isa = XCBuildConfiguration;
			buildSettings = {
				ASSETCATALOG_COMPILER_APPICON_NAME = AppIcon;
				CODE_SIGN_STYLE = Automatic;
				DEVELOPMENT_TEAM = 622VW97L8V;
				INFOPLIST_FILE = "$(SRCROOT)/gh-followers/Support/Info.plist";
				IPHONEOS_DEPLOYMENT_TARGET = 13.4;
				LD_RUNPATH_SEARCH_PATHS = (
					"$(inherited)",
					"@executable_path/Frameworks",
				);
				PRODUCT_BUNDLE_IDENTIFIER = "co.kevtech.gh-followers";
				PRODUCT_NAME = "$(TARGET_NAME)";
				SWIFT_VERSION = 5.0;
				TARGETED_DEVICE_FAMILY = 1;
			};
			name = Release;
		};
/* End XCBuildConfiguration section */

/* Begin XCConfigurationList section */
		F33D0E34244BBEE1009BB356 /* Build configuration list for PBXProject "gh-followers" */ = {
			isa = XCConfigurationList;
			buildConfigurations = (
				F33D0E4B244BBEE4009BB356 /* Debug */,
				F33D0E4C244BBEE4009BB356 /* Release */,
			);
			defaultConfigurationIsVisible = 0;
			defaultConfigurationName = Release;
		};
		F33D0E4D244BBEE4009BB356 /* Build configuration list for PBXNativeTarget "gh-followers" */ = {
			isa = XCConfigurationList;
			buildConfigurations = (
				F33D0E4E244BBEE4009BB356 /* Debug */,
				F33D0E4F244BBEE4009BB356 /* Release */,
			);
			defaultConfigurationIsVisible = 0;
			defaultConfigurationName = Release;
		};
/* End XCConfigurationList section */
	};
	rootObject = F33D0E31244BBEE1009BB356 /* Project object */;
}
